// !$*UTF8*$!
{
	archiveVersion = 1;
	classes = {
	};
	objectVersion = 46;
	objects = {

/* Begin PBXBuildFile section */
		A956DC621D4F306F009F72F3 /* UIImage+YLAdd.m in Sources */ = {isa = PBXBuildFile; fileRef = A956DC611D4F306F009F72F3 /* UIImage+YLAdd.m */; };
		A956DC651D4F33C4009F72F3 /* YLCGUtilities.m in Sources */ = {isa = PBXBuildFile; fileRef = A956DC641D4F33C4009F72F3 /* YLCGUtilities.m */; };
		A956DC691D4F34D7009F72F3 /* UIView+YLAdd.m in Sources */ = {isa = PBXBuildFile; fileRef = A956DC681D4F34D7009F72F3 /* UIView+YLAdd.m */; };
		A956DC6C1D4F3B7A009F72F3 /* YLImageCache.m in Sources */ = {isa = PBXBuildFile; fileRef = A956DC6B1D4F3B7A009F72F3 /* YLImageCache.m */; };
		A956DC6F1D4F4E8F009F72F3 /* YLWebImageOperation.m in Sources */ = {isa = PBXBuildFile; fileRef = A956DC6E1D4F4E8F009F72F3 /* YLWebImageOperation.m */; };
		A956DC721D4F52DC009F72F3 /* YLWebImageManager.m in Sources */ = {isa = PBXBuildFile; fileRef = A956DC711D4F52DC009F72F3 /* YLWebImageManager.m */; };
		A956DC751D5038B6009F72F3 /* UIApplication+YLAdd.m in Sources */ = {isa = PBXBuildFile; fileRef = A956DC741D5038B6009F72F3 /* UIApplication+YLAdd.m */; };
		A956DC781D50395D009F72F3 /* NSArray+YLAdd.m in Sources */ = {isa = PBXBuildFile; fileRef = A956DC771D50395D009F72F3 /* NSArray+YLAdd.m */; };
		A956DC7B1D503A1D009F72F3 /* NSObject+YLAdd.m in Sources */ = {isa = PBXBuildFile; fileRef = A956DC7A1D503A1D009F72F3 /* NSObject+YLAdd.m */; };
		A956DC7E1D503B58009F72F3 /* YLWeakProxy.m in Sources */ = {isa = PBXBuildFile; fileRef = A956DC7D1D503B58009F72F3 /* YLWeakProxy.m */; };
		A956DC811D5051AC009F72F3 /* YLReachability.m in Sources */ = {isa = PBXBuildFile; fileRef = A956DC801D5051AC009F72F3 /* YLReachability.m */; };
		A956DC841D50528F009F72F3 /* YLKeychain.m in Sources */ = {isa = PBXBuildFile; fileRef = A956DC831D50528F009F72F3 /* YLKeychain.m */; };
		A956DC871D50981D009F72F3 /* YLTimer.m in Sources */ = {isa = PBXBuildFile; fileRef = A956DC861D50981D009F72F3 /* YLTimer.m */; };
		A956DC8A1D509966009F72F3 /* YLTransaction.m in Sources */ = {isa = PBXBuildFile; fileRef = A956DC891D509966009F72F3 /* YLTransaction.m */; };
		A983BBCE1D53393E004847E6 /* YLFPSLabel.m in Sources */ = {isa = PBXBuildFile; fileRef = A983BBCD1D53393E004847E6 /* YLFPSLabel.m */; };
		A983BBD11D534042004847E6 /* YLAsyncLayer.m in Sources */ = {isa = PBXBuildFile; fileRef = A983BBD01D534042004847E6 /* YLAsyncLayer.m */; };
		A983BBD41D53411F004847E6 /* YLSentinel.m in Sources */ = {isa = PBXBuildFile; fileRef = A983BBD31D53411F004847E6 /* YLSentinel.m */; };
		A990C3411D5C58C500CDA612 /* YLThreadSafeArray.m in Sources */ = {isa = PBXBuildFile; fileRef = A990C3401D5C58C500CDA612 /* YLThreadSafeArray.m */; };
		A990C3441D5C595B00CDA612 /* YLThreadSafeDictionary.m in Sources */ = {isa = PBXBuildFile; fileRef = A990C3431D5C595B00CDA612 /* YLThreadSafeDictionary.m */; };
		A990C3471D5C59C400CDA612 /* NSDictionary+YLAdd.m in Sources */ = {isa = PBXBuildFile; fileRef = A990C3461D5C59C400CDA612 /* NSDictionary+YLAdd.m */; };
		A990C34A1D5C5AC500CDA612 /* YLGestureRecognizer.m in Sources */ = {isa = PBXBuildFile; fileRef = A990C3491D5C5AC500CDA612 /* YLGestureRecognizer.m */; };
		A990C34D1D5C5B1F00CDA612 /* YLFileHash.m in Sources */ = {isa = PBXBuildFile; fileRef = A990C34C1D5C5B1F00CDA612 /* YLFileHash.m */; };
		A990C3501D5C5BE700CDA612 /* CALayer+YLAdd.m in Sources */ = {isa = PBXBuildFile; fileRef = A990C34F1D5C5BE700CDA612 /* CALayer+YLAdd.m */; };
		A990C3551D5C619200CDA612 /* YLTableViewCell.m in Sources */ = {isa = PBXBuildFile; fileRef = A990C3541D5C619200CDA612 /* YLTableViewCell.m */; };
		A9AE4A1C1D48ACB700A3B17E /* main.m in Sources */ = {isa = PBXBuildFile; fileRef = A9AE4A1B1D48ACB700A3B17E /* main.m */; };
		A9AE4A1F1D48ACB700A3B17E /* AppDelegate.m in Sources */ = {isa = PBXBuildFile; fileRef = A9AE4A1E1D48ACB700A3B17E /* AppDelegate.m */; };
		A9AE4A221D48ACB700A3B17E /* ViewController.m in Sources */ = {isa = PBXBuildFile; fileRef = A9AE4A211D48ACB700A3B17E /* ViewController.m */; };
		A9AE4A251D48ACB700A3B17E /* Main.storyboard in Resources */ = {isa = PBXBuildFile; fileRef = A9AE4A231D48ACB700A3B17E /* Main.storyboard */; };
		A9AE4A271D48ACB700A3B17E /* Assets.xcassets in Resources */ = {isa = PBXBuildFile; fileRef = A9AE4A261D48ACB700A3B17E /* Assets.xcassets */; };
		A9AE4A2A1D48ACB700A3B17E /* LaunchScreen.storyboard in Resources */ = {isa = PBXBuildFile; fileRef = A9AE4A281D48ACB700A3B17E /* LaunchScreen.storyboard */; };
		A9AE4A351D48AF8500A3B17E /* NSObject+YLModel.m in Sources */ = {isa = PBXBuildFile; fileRef = A9AE4A341D48AF8500A3B17E /* NSObject+YLModel.m */; };
		A9AE4A381D48BC0900A3B17E /* YLClassInfo.m in Sources */ = {isa = PBXBuildFile; fileRef = A9AE4A371D48BC0900A3B17E /* YLClassInfo.m */; };
		A9CF83201D49D59000F7C1B2 /* YLKVStorage.m in Sources */ = {isa = PBXBuildFile; fileRef = A9CF831F1D49D59000F7C1B2 /* YLKVStorage.m */; };
		A9CF83231D49E05300F7C1B2 /* YLDiskCache.m in Sources */ = {isa = PBXBuildFile; fileRef = A9CF83221D49E05300F7C1B2 /* YLDiskCache.m */; };
		A9CF83261D49E37E00F7C1B2 /* YLMemoryCache.m in Sources */ = {isa = PBXBuildFile; fileRef = A9CF83251D49E37E00F7C1B2 /* YLMemoryCache.m */; };
		A9CF83291D49E76E00F7C1B2 /* YLCache.m in Sources */ = {isa = PBXBuildFile; fileRef = A9CF83281D49E76E00F7C1B2 /* YLCache.m */; };
		A9CF832D1D49F1DB00F7C1B2 /* YLDispatchQueuePool.m in Sources */ = {isa = PBXBuildFile; fileRef = A9CF832C1D49F1DB00F7C1B2 /* YLDispatchQueuePool.m */; };
		A9CF83311D4AFD7700F7C1B2 /* YLImage.m in Sources */ = {isa = PBXBuildFile; fileRef = A9CF83301D4AFD7700F7C1B2 /* YLImage.m */; };
		A9CF83341D4B026900F7C1B2 /* YLImageCoder.m in Sources */ = {isa = PBXBuildFile; fileRef = A9CF83331D4B026900F7C1B2 /* YLImageCoder.m */; };
		A9CF83371D4B034B00F7C1B2 /* YLAnimatedImageView.m in Sources */ = {isa = PBXBuildFile; fileRef = A9CF83361D4B034B00F7C1B2 /* YLAnimatedImageView.m */; };
		A9CF833A1D4B114D00F7C1B2 /* YLFrameImage.m in Sources */ = {isa = PBXBuildFile; fileRef = A9CF83391D4B114D00F7C1B2 /* YLFrameImage.m */; };
		A9CF833D1D4B119200F7C1B2 /* YLSpriteSheetImage.m in Sources */ = {isa = PBXBuildFile; fileRef = A9CF833C1D4B119200F7C1B2 /* YLSpriteSheetImage.m */; };
		A9CF83411D4B194E00F7C1B2 /* NSBundle+YLAdd.m in Sources */ = {isa = PBXBuildFile; fileRef = A9CF83401D4B194E00F7C1B2 /* NSBundle+YLAdd.m */; };
		A9E33CBB1D4B327D003010E9 /* NSString+YLAdd.m in Sources */ = {isa = PBXBuildFile; fileRef = A9E33CBA1D4B327D003010E9 /* NSString+YLAdd.m */; };
		A9E33CBE1D4B55A1003010E9 /* NSData+YLAdd.m in Sources */ = {isa = PBXBuildFile; fileRef = A9E33CBD1D4B55A1003010E9 /* NSData+YLAdd.m */; };
		A9E33CC11D4B5770003010E9 /* NSNumber+YLAdd.m in Sources */ = {isa = PBXBuildFile; fileRef = A9E33CC01D4B5770003010E9 /* NSNumber+YLAdd.m */; };
		A9E33CC81D4B58F4003010E9 /* UIDevice+YLAdd.m in Sources */ = {isa = PBXBuildFile; fileRef = A9E33CC71D4B58F4003010E9 /* UIDevice+YLAdd.m */; };
/* End PBXBuildFile section */

/* Begin PBXFileReference section */
		A956DC601D4F306F009F72F3 /* UIImage+YLAdd.h */ = {isa = PBXFileReference; fileEncoding = 4; lastKnownFileType = sourcecode.c.h; path = "UIImage+YLAdd.h"; sourceTree = "<group>"; };
		A956DC611D4F306F009F72F3 /* UIImage+YLAdd.m */ = {isa = PBXFileReference; fileEncoding = 4; lastKnownFileType = sourcecode.c.objc; path = "UIImage+YLAdd.m"; sourceTree = "<group>"; };
		A956DC641D4F33C4009F72F3 /* YLCGUtilities.m */ = {isa = PBXFileReference; fileEncoding = 4; lastKnownFileType = sourcecode.c.objc; path = YLCGUtilities.m; sourceTree = "<group>"; };
		A956DC661D4F33DC009F72F3 /* YLCGUtilities.h */ = {isa = PBXFileReference; lastKnownFileType = sourcecode.c.h; path = YLCGUtilities.h; sourceTree = "<group>"; };
		A956DC671D4F34D7009F72F3 /* UIView+YLAdd.h */ = {isa = PBXFileReference; fileEncoding = 4; lastKnownFileType = sourcecode.c.h; path = "UIView+YLAdd.h"; sourceTree = "<group>"; };
		A956DC681D4F34D7009F72F3 /* UIView+YLAdd.m */ = {isa = PBXFileReference; fileEncoding = 4; lastKnownFileType = sourcecode.c.objc; path = "UIView+YLAdd.m"; sourceTree = "<group>"; };
		A956DC6A1D4F3B7A009F72F3 /* YLImageCache.h */ = {isa = PBXFileReference; fileEncoding = 4; lastKnownFileType = sourcecode.c.h; path = YLImageCache.h; sourceTree = "<group>"; };
		A956DC6B1D4F3B7A009F72F3 /* YLImageCache.m */ = {isa = PBXFileReference; fileEncoding = 4; lastKnownFileType = sourcecode.c.objc; path = YLImageCache.m; sourceTree = "<group>"; };
		A956DC6D1D4F4E8F009F72F3 /* YLWebImageOperation.h */ = {isa = PBXFileReference; fileEncoding = 4; lastKnownFileType = sourcecode.c.h; path = YLWebImageOperation.h; sourceTree = "<group>"; };
		A956DC6E1D4F4E8F009F72F3 /* YLWebImageOperation.m */ = {isa = PBXFileReference; fileEncoding = 4; lastKnownFileType = sourcecode.c.objc; path = YLWebImageOperation.m; sourceTree = "<group>"; };
		A956DC701D4F52DC009F72F3 /* YLWebImageManager.h */ = {isa = PBXFileReference; fileEncoding = 4; lastKnownFileType = sourcecode.c.h; path = YLWebImageManager.h; sourceTree = "<group>"; };
		A956DC711D4F52DC009F72F3 /* YLWebImageManager.m */ = {isa = PBXFileReference; fileEncoding = 4; lastKnownFileType = sourcecode.c.objc; path = YLWebImageManager.m; sourceTree = "<group>"; };
		A956DC731D5038B6009F72F3 /* UIApplication+YLAdd.h */ = {isa = PBXFileReference; fileEncoding = 4; lastKnownFileType = sourcecode.c.h; path = "UIApplication+YLAdd.h"; sourceTree = "<group>"; };
		A956DC741D5038B6009F72F3 /* UIApplication+YLAdd.m */ = {isa = PBXFileReference; fileEncoding = 4; lastKnownFileType = sourcecode.c.objc; path = "UIApplication+YLAdd.m"; sourceTree = "<group>"; };
		A956DC761D50395D009F72F3 /* NSArray+YLAdd.h */ = {isa = PBXFileReference; fileEncoding = 4; lastKnownFileType = sourcecode.c.h; path = "NSArray+YLAdd.h"; sourceTree = "<group>"; };
		A956DC771D50395D009F72F3 /* NSArray+YLAdd.m */ = {isa = PBXFileReference; fileEncoding = 4; lastKnownFileType = sourcecode.c.objc; path = "NSArray+YLAdd.m"; sourceTree = "<group>"; };
		A956DC791D503A1D009F72F3 /* NSObject+YLAdd.h */ = {isa = PBXFileReference; fileEncoding = 4; lastKnownFileType = sourcecode.c.h; path = "NSObject+YLAdd.h"; sourceTree = "<group>"; };
		A956DC7A1D503A1D009F72F3 /* NSObject+YLAdd.m */ = {isa = PBXFileReference; fileEncoding = 4; lastKnownFileType = sourcecode.c.objc; path = "NSObject+YLAdd.m"; sourceTree = "<group>"; };
		A956DC7C1D503B58009F72F3 /* YLWeakProxy.h */ = {isa = PBXFileReference; fileEncoding = 4; lastKnownFileType = sourcecode.c.h; path = YLWeakProxy.h; sourceTree = "<group>"; };
		A956DC7D1D503B58009F72F3 /* YLWeakProxy.m */ = {isa = PBXFileReference; fileEncoding = 4; lastKnownFileType = sourcecode.c.objc; path = YLWeakProxy.m; sourceTree = "<group>"; };
		A956DC7F1D5051AC009F72F3 /* YLReachability.h */ = {isa = PBXFileReference; fileEncoding = 4; lastKnownFileType = sourcecode.c.h; path = YLReachability.h; sourceTree = "<group>"; };
		A956DC801D5051AC009F72F3 /* YLReachability.m */ = {isa = PBXFileReference; fileEncoding = 4; lastKnownFileType = sourcecode.c.objc; path = YLReachability.m; sourceTree = "<group>"; };
		A956DC821D50528F009F72F3 /* YLKeychain.h */ = {isa = PBXFileReference; fileEncoding = 4; lastKnownFileType = sourcecode.c.h; path = YLKeychain.h; sourceTree = "<group>"; };
		A956DC831D50528F009F72F3 /* YLKeychain.m */ = {isa = PBXFileReference; fileEncoding = 4; lastKnownFileType = sourcecode.c.objc; path = YLKeychain.m; sourceTree = "<group>"; };
		A956DC851D50981D009F72F3 /* YLTimer.h */ = {isa = PBXFileReference; fileEncoding = 4; lastKnownFileType = sourcecode.c.h; path = YLTimer.h; sourceTree = "<group>"; };
		A956DC861D50981D009F72F3 /* YLTimer.m */ = {isa = PBXFileReference; fileEncoding = 4; lastKnownFileType = sourcecode.c.objc; path = YLTimer.m; sourceTree = "<group>"; };
		A956DC881D509966009F72F3 /* YLTransaction.h */ = {isa = PBXFileReference; fileEncoding = 4; lastKnownFileType = sourcecode.c.h; path = YLTransaction.h; sourceTree = "<group>"; };
		A956DC891D509966009F72F3 /* YLTransaction.m */ = {isa = PBXFileReference; fileEncoding = 4; lastKnownFileType = sourcecode.c.objc; path = YLTransaction.m; sourceTree = "<group>"; };
		A983BBCC1D53393E004847E6 /* YLFPSLabel.h */ = {isa = PBXFileReference; fileEncoding = 4; lastKnownFileType = sourcecode.c.h; path = YLFPSLabel.h; sourceTree = "<group>"; };
		A983BBCD1D53393E004847E6 /* YLFPSLabel.m */ = {isa = PBXFileReference; fileEncoding = 4; lastKnownFileType = sourcecode.c.objc; path = YLFPSLabel.m; sourceTree = "<group>"; };
		A983BBCF1D534042004847E6 /* YLAsyncLayer.h */ = {isa = PBXFileReference; fileEncoding = 4; lastKnownFileType = sourcecode.c.h; path = YLAsyncLayer.h; sourceTree = "<group>"; };
		A983BBD01D534042004847E6 /* YLAsyncLayer.m */ = {isa = PBXFileReference; fileEncoding = 4; lastKnownFileType = sourcecode.c.objc; path = YLAsyncLayer.m; sourceTree = "<group>"; };
		A983BBD21D53411F004847E6 /* YLSentinel.h */ = {isa = PBXFileReference; fileEncoding = 4; lastKnownFileType = sourcecode.c.h; path = YLSentinel.h; sourceTree = "<group>"; };
		A983BBD31D53411F004847E6 /* YLSentinel.m */ = {isa = PBXFileReference; fileEncoding = 4; lastKnownFileType = sourcecode.c.objc; path = YLSentinel.m; sourceTree = "<group>"; };
		A990C33F1D5C58C500CDA612 /* YLThreadSafeArray.h */ = {isa = PBXFileReference; fileEncoding = 4; lastKnownFileType = sourcecode.c.h; path = YLThreadSafeArray.h; sourceTree = "<group>"; };
		A990C3401D5C58C500CDA612 /* YLThreadSafeArray.m */ = {isa = PBXFileReference; fileEncoding = 4; lastKnownFileType = sourcecode.c.objc; path = YLThreadSafeArray.m; sourceTree = "<group>"; };
		A990C3421D5C595B00CDA612 /* YLThreadSafeDictionary.h */ = {isa = PBXFileReference; fileEncoding = 4; lastKnownFileType = sourcecode.c.h; path = YLThreadSafeDictionary.h; sourceTree = "<group>"; };
		A990C3431D5C595B00CDA612 /* YLThreadSafeDictionary.m */ = {isa = PBXFileReference; fileEncoding = 4; lastKnownFileType = sourcecode.c.objc; path = YLThreadSafeDictionary.m; sourceTree = "<group>"; };
		A990C3451D5C59C400CDA612 /* NSDictionary+YLAdd.h */ = {isa = PBXFileReference; fileEncoding = 4; lastKnownFileType = sourcecode.c.h; path = "NSDictionary+YLAdd.h"; sourceTree = "<group>"; };
		A990C3461D5C59C400CDA612 /* NSDictionary+YLAdd.m */ = {isa = PBXFileReference; fileEncoding = 4; lastKnownFileType = sourcecode.c.objc; path = "NSDictionary+YLAdd.m"; sourceTree = "<group>"; };
		A990C3481D5C5AC500CDA612 /* YLGestureRecognizer.h */ = {isa = PBXFileReference; fileEncoding = 4; lastKnownFileType = sourcecode.c.h; path = YLGestureRecognizer.h; sourceTree = "<group>"; };
		A990C3491D5C5AC500CDA612 /* YLGestureRecognizer.m */ = {isa = PBXFileReference; fileEncoding = 4; lastKnownFileType = sourcecode.c.objc; path = YLGestureRecognizer.m; sourceTree = "<group>"; };
		A990C34B1D5C5B1E00CDA612 /* YLFileHash.h */ = {isa = PBXFileReference; fileEncoding = 4; lastKnownFileType = sourcecode.c.h; path = YLFileHash.h; sourceTree = "<group>"; };
		A990C34C1D5C5B1F00CDA612 /* YLFileHash.m */ = {isa = PBXFileReference; fileEncoding = 4; lastKnownFileType = sourcecode.c.objc; path = YLFileHash.m; sourceTree = "<group>"; };
		A990C34E1D5C5BE700CDA612 /* CALayer+YLAdd.h */ = {isa = PBXFileReference; fileEncoding = 4; lastKnownFileType = sourcecode.c.h; path = "CALayer+YLAdd.h"; sourceTree = "<group>"; };
		A990C34F1D5C5BE700CDA612 /* CALayer+YLAdd.m */ = {isa = PBXFileReference; fileEncoding = 4; lastKnownFileType = sourcecode.c.objc; path = "CALayer+YLAdd.m"; sourceTree = "<group>"; };
		A990C3531D5C619200CDA612 /* YLTableViewCell.h */ = {isa = PBXFileReference; fileEncoding = 4; lastKnownFileType = sourcecode.c.h; path = YLTableViewCell.h; sourceTree = "<group>"; };
		A990C3541D5C619200CDA612 /* YLTableViewCell.m */ = {isa = PBXFileReference; fileEncoding = 4; lastKnownFileType = sourcecode.c.objc; path = YLTableViewCell.m; sourceTree = "<group>"; };
		A9AE4A171D48ACB700A3B17E /* YLKit.app */ = {isa = PBXFileReference; explicitFileType = wrapper.application; includeInIndex = 0; path = YLKit.app; sourceTree = BUILT_PRODUCTS_DIR; };
		A9AE4A1B1D48ACB700A3B17E /* main.m */ = {isa = PBXFileReference; lastKnownFileType = sourcecode.c.objc; path = main.m; sourceTree = "<group>"; };
		A9AE4A1D1D48ACB700A3B17E /* AppDelegate.h */ = {isa = PBXFileReference; lastKnownFileType = sourcecode.c.h; path = AppDelegate.h; sourceTree = "<group>"; };
		A9AE4A1E1D48ACB700A3B17E /* AppDelegate.m */ = {isa = PBXFileReference; lastKnownFileType = sourcecode.c.objc; path = AppDelegate.m; sourceTree = "<group>"; };
		A9AE4A201D48ACB700A3B17E /* ViewController.h */ = {isa = PBXFileReference; lastKnownFileType = sourcecode.c.h; path = ViewController.h; sourceTree = "<group>"; };
		A9AE4A211D48ACB700A3B17E /* ViewController.m */ = {isa = PBXFileReference; lastKnownFileType = sourcecode.c.objc; path = ViewController.m; sourceTree = "<group>"; };
		A9AE4A241D48ACB700A3B17E /* Base */ = {isa = PBXFileReference; lastKnownFileType = file.storyboard; name = Base; path = Base.lproj/Main.storyboard; sourceTree = "<group>"; };
		A9AE4A261D48ACB700A3B17E /* Assets.xcassets */ = {isa = PBXFileReference; lastKnownFileType = folder.assetcatalog; path = Assets.xcassets; sourceTree = "<group>"; };
		A9AE4A291D48ACB700A3B17E /* Base */ = {isa = PBXFileReference; lastKnownFileType = file.storyboard; name = Base; path = Base.lproj/LaunchScreen.storyboard; sourceTree = "<group>"; };
		A9AE4A2B1D48ACB700A3B17E /* Info.plist */ = {isa = PBXFileReference; lastKnownFileType = text.plist.xml; path = Info.plist; sourceTree = "<group>"; };
		A9AE4A331D48AF8500A3B17E /* NSObject+YLModel.h */ = {isa = PBXFileReference; fileEncoding = 4; lastKnownFileType = sourcecode.c.h; path = "NSObject+YLModel.h"; sourceTree = "<group>"; };
		A9AE4A341D48AF8500A3B17E /* NSObject+YLModel.m */ = {isa = PBXFileReference; fileEncoding = 4; lastKnownFileType = sourcecode.c.objc; path = "NSObject+YLModel.m"; sourceTree = "<group>"; };
		A9AE4A361D48BC0900A3B17E /* YLClassInfo.h */ = {isa = PBXFileReference; fileEncoding = 4; lastKnownFileType = sourcecode.c.h; path = YLClassInfo.h; sourceTree = "<group>"; };
		A9AE4A371D48BC0900A3B17E /* YLClassInfo.m */ = {isa = PBXFileReference; fileEncoding = 4; lastKnownFileType = sourcecode.c.objc; path = YLClassInfo.m; sourceTree = "<group>"; };
		A9CF831E1D49D59000F7C1B2 /* YLKVStorage.h */ = {isa = PBXFileReference; fileEncoding = 4; lastKnownFileType = sourcecode.c.h; path = YLKVStorage.h; sourceTree = "<group>"; };
		A9CF831F1D49D59000F7C1B2 /* YLKVStorage.m */ = {isa = PBXFileReference; fileEncoding = 4; lastKnownFileType = sourcecode.c.objc; path = YLKVStorage.m; sourceTree = "<group>"; };
		A9CF83211D49E05300F7C1B2 /* YLDiskCache.h */ = {isa = PBXFileReference; fileEncoding = 4; lastKnownFileType = sourcecode.c.h; path = YLDiskCache.h; sourceTree = "<group>"; };
		A9CF83221D49E05300F7C1B2 /* YLDiskCache.m */ = {isa = PBXFileReference; fileEncoding = 4; lastKnownFileType = sourcecode.c.objc; path = YLDiskCache.m; sourceTree = "<group>"; };
		A9CF83241D49E37E00F7C1B2 /* YLMemoryCache.h */ = {isa = PBXFileReference; fileEncoding = 4; lastKnownFileType = sourcecode.c.h; path = YLMemoryCache.h; sourceTree = "<group>"; };
		A9CF83251D49E37E00F7C1B2 /* YLMemoryCache.m */ = {isa = PBXFileReference; fileEncoding = 4; lastKnownFileType = sourcecode.c.objc; path = YLMemoryCache.m; sourceTree = "<group>"; };
		A9CF83271D49E76E00F7C1B2 /* YLCache.h */ = {isa = PBXFileReference; fileEncoding = 4; lastKnownFileType = sourcecode.c.h; path = YLCache.h; sourceTree = "<group>"; };
		A9CF83281D49E76E00F7C1B2 /* YLCache.m */ = {isa = PBXFileReference; fileEncoding = 4; lastKnownFileType = sourcecode.c.objc; path = YLCache.m; sourceTree = "<group>"; };
		A9CF832B1D49F1DB00F7C1B2 /* YLDispatchQueuePool.h */ = {isa = PBXFileReference; fileEncoding = 4; lastKnownFileType = sourcecode.c.h; path = YLDispatchQueuePool.h; sourceTree = "<group>"; };
		A9CF832C1D49F1DB00F7C1B2 /* YLDispatchQueuePool.m */ = {isa = PBXFileReference; fileEncoding = 4; lastKnownFileType = sourcecode.c.objc; path = YLDispatchQueuePool.m; sourceTree = "<group>"; };
		A9CF832F1D4AFD7700F7C1B2 /* YLImage.h */ = {isa = PBXFileReference; fileEncoding = 4; lastKnownFileType = sourcecode.c.h; path = YLImage.h; sourceTree = "<group>"; };
		A9CF83301D4AFD7700F7C1B2 /* YLImage.m */ = {isa = PBXFileReference; fileEncoding = 4; lastKnownFileType = sourcecode.c.objc; path = YLImage.m; sourceTree = "<group>"; };
		A9CF83321D4B026900F7C1B2 /* YLImageCoder.h */ = {isa = PBXFileReference; fileEncoding = 4; lastKnownFileType = sourcecode.c.h; path = YLImageCoder.h; sourceTree = "<group>"; };
		A9CF83331D4B026900F7C1B2 /* YLImageCoder.m */ = {isa = PBXFileReference; fileEncoding = 4; lastKnownFileType = sourcecode.c.objc; path = YLImageCoder.m; sourceTree = "<group>"; };
		A9CF83351D4B034B00F7C1B2 /* YLAnimatedImageView.h */ = {isa = PBXFileReference; fileEncoding = 4; lastKnownFileType = sourcecode.c.h; path = YLAnimatedImageView.h; sourceTree = "<group>"; };
		A9CF83361D4B034B00F7C1B2 /* YLAnimatedImageView.m */ = {isa = PBXFileReference; fileEncoding = 4; lastKnownFileType = sourcecode.c.objc; path = YLAnimatedImageView.m; sourceTree = "<group>"; };
		A9CF83381D4B114D00F7C1B2 /* YLFrameImage.h */ = {isa = PBXFileReference; fileEncoding = 4; lastKnownFileType = sourcecode.c.h; path = YLFrameImage.h; sourceTree = "<group>"; };
		A9CF83391D4B114D00F7C1B2 /* YLFrameImage.m */ = {isa = PBXFileReference; fileEncoding = 4; lastKnownFileType = sourcecode.c.objc; path = YLFrameImage.m; sourceTree = "<group>"; };
		A9CF833B1D4B119200F7C1B2 /* YLSpriteSheetImage.h */ = {isa = PBXFileReference; fileEncoding = 4; lastKnownFileType = sourcecode.c.h; path = YLSpriteSheetImage.h; sourceTree = "<group>"; };
		A9CF833C1D4B119200F7C1B2 /* YLSpriteSheetImage.m */ = {isa = PBXFileReference; fileEncoding = 4; lastKnownFileType = sourcecode.c.objc; path = YLSpriteSheetImage.m; sourceTree = "<group>"; };
		A9CF833F1D4B194E00F7C1B2 /* NSBundle+YLAdd.h */ = {isa = PBXFileReference; fileEncoding = 4; lastKnownFileType = sourcecode.c.h; path = "NSBundle+YLAdd.h"; sourceTree = "<group>"; };
		A9CF83401D4B194E00F7C1B2 /* NSBundle+YLAdd.m */ = {isa = PBXFileReference; fileEncoding = 4; lastKnownFileType = sourcecode.c.objc; path = "NSBundle+YLAdd.m"; sourceTree = "<group>"; };
		A9CF83421D4B2AF400F7C1B2 /* YLKitMacro.h */ = {isa = PBXFileReference; lastKnownFileType = sourcecode.c.h; path = YLKitMacro.h; sourceTree = "<group>"; };
		A9E33CB91D4B327D003010E9 /* NSString+YLAdd.h */ = {isa = PBXFileReference; fileEncoding = 4; lastKnownFileType = sourcecode.c.h; path = "NSString+YLAdd.h"; sourceTree = "<group>"; };
		A9E33CBA1D4B327D003010E9 /* NSString+YLAdd.m */ = {isa = PBXFileReference; fileEncoding = 4; lastKnownFileType = sourcecode.c.objc; path = "NSString+YLAdd.m"; sourceTree = "<group>"; };
		A9E33CBC1D4B55A1003010E9 /* NSData+YLAdd.h */ = {isa = PBXFileReference; fileEncoding = 4; lastKnownFileType = sourcecode.c.h; path = "NSData+YLAdd.h"; sourceTree = "<group>"; };
		A9E33CBD1D4B55A1003010E9 /* NSData+YLAdd.m */ = {isa = PBXFileReference; fileEncoding = 4; lastKnownFileType = sourcecode.c.objc; path = "NSData+YLAdd.m"; sourceTree = "<group>"; };
		A9E33CBF1D4B5770003010E9 /* NSNumber+YLAdd.h */ = {isa = PBXFileReference; fileEncoding = 4; lastKnownFileType = sourcecode.c.h; path = "NSNumber+YLAdd.h"; sourceTree = "<group>"; };
		A9E33CC01D4B5770003010E9 /* NSNumber+YLAdd.m */ = {isa = PBXFileReference; fileEncoding = 4; lastKnownFileType = sourcecode.c.objc; path = "NSNumber+YLAdd.m"; sourceTree = "<group>"; };
		A9E33CC61D4B58F4003010E9 /* UIDevice+YLAdd.h */ = {isa = PBXFileReference; fileEncoding = 4; lastKnownFileType = sourcecode.c.h; path = "UIDevice+YLAdd.h"; sourceTree = "<group>"; };
		A9E33CC71D4B58F4003010E9 /* UIDevice+YLAdd.m */ = {isa = PBXFileReference; fileEncoding = 4; lastKnownFileType = sourcecode.c.objc; path = "UIDevice+YLAdd.m"; sourceTree = "<group>"; };
/* End PBXFileReference section */

/* Begin PBXFrameworksBuildPhase section */
		A9AE4A141D48ACB700A3B17E /* Frameworks */ = {
			isa = PBXFrameworksBuildPhase;
			buildActionMask = 2147483647;
			files = (
			);
			runOnlyForDeploymentPostprocessing = 0;
		};
/* End PBXFrameworksBuildPhase section */

/* Begin PBXGroup section */
		A956DC631D4F32FC009F72F3 /* Quartz */ = {
			isa = PBXGroup;
			children = (
				A956DC661D4F33DC009F72F3 /* YLCGUtilities.h */,
				A956DC641D4F33C4009F72F3 /* YLCGUtilities.m */,
				A990C34E1D5C5BE700CDA612 /* CALayer+YLAdd.h */,
				A990C34F1D5C5BE700CDA612 /* CALayer+YLAdd.m */,
			);
			path = Quartz;
			sourceTree = "<group>";
		};
		A983BBCA1D5338C5004847E6 /* YLKitDemo */ = {
			isa = PBXGroup;
			children = (
				A983BBCB1D5338EF004847E6 /* other */,
			);
			path = YLKitDemo;
			sourceTree = "<group>";
		};
		A983BBCB1D5338EF004847E6 /* other */ = {
			isa = PBXGroup;
			children = (
				A983BBCC1D53393E004847E6 /* YLFPSLabel.h */,
				A983BBCD1D53393E004847E6 /* YLFPSLabel.m */,
				A990C3531D5C619200CDA612 /* YLTableViewCell.h */,
				A990C3541D5C619200CDA612 /* YLTableViewCell.m */,
			);
			path = other;
			sourceTree = "<group>";
		};
		A9AE4A0E1D48ACB700A3B17E = {
			isa = PBXGroup;
			children = (
				A9AE4A191D48ACB700A3B17E /* YLKit */,
				A983BBCA1D5338C5004847E6 /* YLKitDemo */,
				A9AE4A181D48ACB700A3B17E /* Products */,
			);
			sourceTree = "<group>";
		};
		A9AE4A181D48ACB700A3B17E /* Products */ = {
			isa = PBXGroup;
			children = (
				A9AE4A171D48ACB700A3B17E /* YLKit.app */,
			);
			name = Products;
			sourceTree = "<group>";
		};
		A9AE4A191D48ACB700A3B17E /* YLKit */ = {
			isa = PBXGroup;
			children = (
				A9AE4A311D48AF2B00A3B17E /* Base */,
				A9AE4A321D48AF2B00A3B17E /* Model */,
				A9CF831D1D49D55400F7C1B2 /* Cache */,
				A9CF832E1D4AFD6300F7C1B2 /* Image */,
				A9CF832A1D49F1A500F7C1B2 /* Utility */,
				A9AE4A1D1D48ACB700A3B17E /* AppDelegate.h */,
				A9AE4A1E1D48ACB700A3B17E /* AppDelegate.m */,
				A9AE4A201D48ACB700A3B17E /* ViewController.h */,
				A9AE4A211D48ACB700A3B17E /* ViewController.m */,
				A9AE4A231D48ACB700A3B17E /* Main.storyboard */,
				A9AE4A261D48ACB700A3B17E /* Assets.xcassets */,
				A9AE4A281D48ACB700A3B17E /* LaunchScreen.storyboard */,
				A9AE4A2B1D48ACB700A3B17E /* Info.plist */,
				A9AE4A1A1D48ACB700A3B17E /* Supporting Files */,
			);
			path = YLKit;
			sourceTree = "<group>";
		};
		A9AE4A1A1D48ACB700A3B17E /* Supporting Files */ = {
			isa = PBXGroup;
			children = (
				A9AE4A1B1D48ACB700A3B17E /* main.m */,
			);
			name = "Supporting Files";
			sourceTree = "<group>";
		};
		A9AE4A311D48AF2B00A3B17E /* Base */ = {
			isa = PBXGroup;
			children = (
				A9CF83421D4B2AF400F7C1B2 /* YLKitMacro.h */,
				A9CF833E1D4B193F00F7C1B2 /* Foundation */,
				A9E33CC51D4B58E7003010E9 /* UIKit */,
				A956DC631D4F32FC009F72F3 /* Quartz */,
			);
			path = Base;
			sourceTree = "<group>";
		};
		A9AE4A321D48AF2B00A3B17E /* Model */ = {
			isa = PBXGroup;
			children = (
				A9AE4A331D48AF8500A3B17E /* NSObject+YLModel.h */,
				A9AE4A341D48AF8500A3B17E /* NSObject+YLModel.m */,
				A9AE4A361D48BC0900A3B17E /* YLClassInfo.h */,
				A9AE4A371D48BC0900A3B17E /* YLClassInfo.m */,
			);
			path = Model;
			sourceTree = "<group>";
		};
		A9CF831D1D49D55400F7C1B2 /* Cache */ = {
			isa = PBXGroup;
			children = (
				A9CF83271D49E76E00F7C1B2 /* YLCache.h */,
				A9CF83281D49E76E00F7C1B2 /* YLCache.m */,
				A9CF83241D49E37E00F7C1B2 /* YLMemoryCache.h */,
				A9CF83251D49E37E00F7C1B2 /* YLMemoryCache.m */,
				A9CF83211D49E05300F7C1B2 /* YLDiskCache.h */,
				A9CF83221D49E05300F7C1B2 /* YLDiskCache.m */,
				A9CF831E1D49D59000F7C1B2 /* YLKVStorage.h */,
				A9CF831F1D49D59000F7C1B2 /* YLKVStorage.m */,
			);
			path = Cache;
			sourceTree = "<group>";
		};
		A9CF832A1D49F1A500F7C1B2 /* Utility */ = {
			isa = PBXGroup;
			children = (
				A9CF832B1D49F1DB00F7C1B2 /* YLDispatchQueuePool.h */,
				A9CF832C1D49F1DB00F7C1B2 /* YLDispatchQueuePool.m */,
				A956DC7C1D503B58009F72F3 /* YLWeakProxy.h */,
				A956DC7D1D503B58009F72F3 /* YLWeakProxy.m */,
				A956DC7F1D5051AC009F72F3 /* YLReachability.h */,
				A956DC801D5051AC009F72F3 /* YLReachability.m */,
				A956DC821D50528F009F72F3 /* YLKeychain.h */,
				A956DC831D50528F009F72F3 /* YLKeychain.m */,
				A956DC851D50981D009F72F3 /* YLTimer.h */,
				A956DC861D50981D009F72F3 /* YLTimer.m */,
				A956DC881D509966009F72F3 /* YLTransaction.h */,
				A956DC891D509966009F72F3 /* YLTransaction.m */,
				A983BBCF1D534042004847E6 /* YLAsyncLayer.h */,
				A983BBD01D534042004847E6 /* YLAsyncLayer.m */,
				A983BBD21D53411F004847E6 /* YLSentinel.h */,
				A983BBD31D53411F004847E6 /* YLSentinel.m */,
				A990C33F1D5C58C500CDA612 /* YLThreadSafeArray.h */,
				A990C3401D5C58C500CDA612 /* YLThreadSafeArray.m */,
				A990C3421D5C595B00CDA612 /* YLThreadSafeDictionary.h */,
				A990C3431D5C595B00CDA612 /* YLThreadSafeDictionary.m */,
				A990C3481D5C5AC500CDA612 /* YLGestureRecognizer.h */,
				A990C3491D5C5AC500CDA612 /* YLGestureRecognizer.m */,
				A990C34B1D5C5B1E00CDA612 /* YLFileHash.h */,
				A990C34C1D5C5B1F00CDA612 /* YLFileHash.m */,
			);
			path = Utility;
			sourceTree = "<group>";
		};
		A9CF832E1D4AFD6300F7C1B2 /* Image */ = {
			isa = PBXGroup;
			children = (
				A9CF832F1D4AFD7700F7C1B2 /* YLImage.h */,
				A9CF83301D4AFD7700F7C1B2 /* YLImage.m */,
				A9CF83381D4B114D00F7C1B2 /* YLFrameImage.h */,
				A9CF83391D4B114D00F7C1B2 /* YLFrameImage.m */,
				A9CF833B1D4B119200F7C1B2 /* YLSpriteSheetImage.h */,
				A9CF833C1D4B119200F7C1B2 /* YLSpriteSheetImage.m */,
				A9CF83321D4B026900F7C1B2 /* YLImageCoder.h */,
				A9CF83331D4B026900F7C1B2 /* YLImageCoder.m */,
				A9CF83351D4B034B00F7C1B2 /* YLAnimatedImageView.h */,
				A9CF83361D4B034B00F7C1B2 /* YLAnimatedImageView.m */,
				A956DC6A1D4F3B7A009F72F3 /* YLImageCache.h */,
				A956DC6B1D4F3B7A009F72F3 /* YLImageCache.m */,
				A956DC6D1D4F4E8F009F72F3 /* YLWebImageOperation.h */,
				A956DC6E1D4F4E8F009F72F3 /* YLWebImageOperation.m */,
				A956DC701D4F52DC009F72F3 /* YLWebImageManager.h */,
				A956DC711D4F52DC009F72F3 /* YLWebImageManager.m */,
			);
			path = Image;
			sourceTree = "<group>";
		};
		A9CF833E1D4B193F00F7C1B2 /* Foundation */ = {
			isa = PBXGroup;
			children = (
				A9CF833F1D4B194E00F7C1B2 /* NSBundle+YLAdd.h */,
				A9CF83401D4B194E00F7C1B2 /* NSBundle+YLAdd.m */,
				A9E33CB91D4B327D003010E9 /* NSString+YLAdd.h */,
				A9E33CBA1D4B327D003010E9 /* NSString+YLAdd.m */,
				A9E33CBC1D4B55A1003010E9 /* NSData+YLAdd.h */,
				A9E33CBD1D4B55A1003010E9 /* NSData+YLAdd.m */,
				A9E33CBF1D4B5770003010E9 /* NSNumber+YLAdd.h */,
				A9E33CC01D4B5770003010E9 /* NSNumber+YLAdd.m */,
				A956DC761D50395D009F72F3 /* NSArray+YLAdd.h */,
				A956DC771D50395D009F72F3 /* NSArray+YLAdd.m */,
				A956DC791D503A1D009F72F3 /* NSObject+YLAdd.h */,
				A956DC7A1D503A1D009F72F3 /* NSObject+YLAdd.m */,
				A990C3451D5C59C400CDA612 /* NSDictionary+YLAdd.h */,
				A990C3461D5C59C400CDA612 /* NSDictionary+YLAdd.m */,
			);
			path = Foundation;
			sourceTree = "<group>";
		};
		A9E33CC51D4B58E7003010E9 /* UIKit */ = {
			isa = PBXGroup;
			children = (
				A9E33CC61D4B58F4003010E9 /* UIDevice+YLAdd.h */,
				A9E33CC71D4B58F4003010E9 /* UIDevice+YLAdd.m */,
				A956DC601D4F306F009F72F3 /* UIImage+YLAdd.h */,
				A956DC611D4F306F009F72F3 /* UIImage+YLAdd.m */,
				A956DC671D4F34D7009F72F3 /* UIView+YLAdd.h */,
				A956DC681D4F34D7009F72F3 /* UIView+YLAdd.m */,
				A956DC731D5038B6009F72F3 /* UIApplication+YLAdd.h */,
				A956DC741D5038B6009F72F3 /* UIApplication+YLAdd.m */,
			);
			path = UIKit;
			sourceTree = "<group>";
		};
/* End PBXGroup section */

/* Begin PBXNativeTarget section */
		A9AE4A161D48ACB700A3B17E /* YLKit */ = {
			isa = PBXNativeTarget;
			buildConfigurationList = A9AE4A2E1D48ACB700A3B17E /* Build configuration list for PBXNativeTarget "YLKit" */;
			buildPhases = (
				A9AE4A131D48ACB700A3B17E /* Sources */,
				A9AE4A141D48ACB700A3B17E /* Frameworks */,
				A9AE4A151D48ACB700A3B17E /* Resources */,
			);
			buildRules = (
			);
			dependencies = (
			);
			name = YLKit;
			productName = YLKit;
			productReference = A9AE4A171D48ACB700A3B17E /* YLKit.app */;
			productType = "com.apple.product-type.application";
		};
/* End PBXNativeTarget section */

/* Begin PBXProject section */
		A9AE4A0F1D48ACB700A3B17E /* Project object */ = {
			isa = PBXProject;
			attributes = {
				LastUpgradeCheck = 0730;
				ORGANIZATIONNAME = ThinkMobile;
				TargetAttributes = {
					A9AE4A161D48ACB700A3B17E = {
						CreatedOnToolsVersion = 7.3;
						DevelopmentTeam = SB497H4PU6;
					};
				};
			};
			buildConfigurationList = A9AE4A121D48ACB700A3B17E /* Build configuration list for PBXProject "YLKit" */;
			compatibilityVersion = "Xcode 3.2";
			developmentRegion = English;
			hasScannedForEncodings = 0;
			knownRegions = (
				en,
				Base,
			);
			mainGroup = A9AE4A0E1D48ACB700A3B17E;
			productRefGroup = A9AE4A181D48ACB700A3B17E /* Products */;
			projectDirPath = "";
			projectRoot = "";
			targets = (
				A9AE4A161D48ACB700A3B17E /* YLKit */,
			);
		};
/* End PBXProject section */

/* Begin PBXResourcesBuildPhase section */
		A9AE4A151D48ACB700A3B17E /* Resources */ = {
			isa = PBXResourcesBuildPhase;
			buildActionMask = 2147483647;
			files = (
				A9AE4A2A1D48ACB700A3B17E /* LaunchScreen.storyboard in Resources */,
				A9AE4A271D48ACB700A3B17E /* Assets.xcassets in Resources */,
				A9AE4A251D48ACB700A3B17E /* Main.storyboard in Resources */,
			);
			runOnlyForDeploymentPostprocessing = 0;
		};
/* End PBXResourcesBuildPhase section */

/* Begin PBXSourcesBuildPhase section */
		A9AE4A131D48ACB700A3B17E /* Sources */ = {
			isa = PBXSourcesBuildPhase;
			buildActionMask = 2147483647;
			files = (
				A9AE4A381D48BC0900A3B17E /* YLClassInfo.m in Sources */,
				A9AE4A221D48ACB700A3B17E /* ViewController.m in Sources */,
				A9E33CC81D4B58F4003010E9 /* UIDevice+YLAdd.m in Sources */,
				A990C3501D5C5BE700CDA612 /* CALayer+YLAdd.m in Sources */,
				A956DC6F1D4F4E8F009F72F3 /* YLWebImageOperation.m in Sources */,
				A956DC651D4F33C4009F72F3 /* YLCGUtilities.m in Sources */,
				A983BBD11D534042004847E6 /* YLAsyncLayer.m in Sources */,
				A990C34D1D5C5B1F00CDA612 /* YLFileHash.m in Sources */,
				A990C3551D5C619200CDA612 /* YLTableViewCell.m in Sources */,
				A956DC871D50981D009F72F3 /* YLTimer.m in Sources */,
				A9E33CC11D4B5770003010E9 /* NSNumber+YLAdd.m in Sources */,
				A9E33CBB1D4B327D003010E9 /* NSString+YLAdd.m in Sources */,
				A9CF833A1D4B114D00F7C1B2 /* YLFrameImage.m in Sources */,
				A9AE4A1F1D48ACB700A3B17E /* AppDelegate.m in Sources */,
				A956DC621D4F306F009F72F3 /* UIImage+YLAdd.m in Sources */,
				A9CF83201D49D59000F7C1B2 /* YLKVStorage.m in Sources */,
				A9CF832D1D49F1DB00F7C1B2 /* YLDispatchQueuePool.m in Sources */,
				A983BBCE1D53393E004847E6 /* YLFPSLabel.m in Sources */,
				A990C3411D5C58C500CDA612 /* YLThreadSafeArray.m in Sources */,
				A9E33CBE1D4B55A1003010E9 /* NSData+YLAdd.m in Sources */,
				A9CF833D1D4B119200F7C1B2 /* YLSpriteSheetImage.m in Sources */,
				A990C3441D5C595B00CDA612 /* YLThreadSafeDictionary.m in Sources */,
				A956DC6C1D4F3B7A009F72F3 /* YLImageCache.m in Sources */,
				A956DC721D4F52DC009F72F3 /* YLWebImageManager.m in Sources */,
				A9CF83311D4AFD7700F7C1B2 /* YLImage.m in Sources */,
				A9CF83261D49E37E00F7C1B2 /* YLMemoryCache.m in Sources */,
				A9CF83371D4B034B00F7C1B2 /* YLAnimatedImageView.m in Sources */,
				A956DC751D5038B6009F72F3 /* UIApplication+YLAdd.m in Sources */,
				A9CF83291D49E76E00F7C1B2 /* YLCache.m in Sources */,
				A990C34A1D5C5AC500CDA612 /* YLGestureRecognizer.m in Sources */,
				A956DC7E1D503B58009F72F3 /* YLWeakProxy.m in Sources */,
				A9AE4A351D48AF8500A3B17E /* NSObject+YLModel.m in Sources */,
				A956DC691D4F34D7009F72F3 /* UIView+YLAdd.m in Sources */,
				A956DC841D50528F009F72F3 /* YLKeychain.m in Sources */,
				A956DC7B1D503A1D009F72F3 /* NSObject+YLAdd.m in Sources */,
				A990C3471D5C59C400CDA612 /* NSDictionary+YLAdd.m in Sources */,
				A956DC781D50395D009F72F3 /* NSArray+YLAdd.m in Sources */,
				A9AE4A1C1D48ACB700A3B17E /* main.m in Sources */,
				A956DC8A1D509966009F72F3 /* YLTransaction.m in Sources */,
				A9CF83341D4B026900F7C1B2 /* YLImageCoder.m in Sources */,
				A956DC811D5051AC009F72F3 /* YLReachability.m in Sources */,
				A9CF83231D49E05300F7C1B2 /* YLDiskCache.m in Sources */,
				A983BBD41D53411F004847E6 /* YLSentinel.m in Sources */,
				A9CF83411D4B194E00F7C1B2 /* NSBundle+YLAdd.m in Sources */,
			);
			runOnlyForDeploymentPostprocessing = 0;
		};
/* End PBXSourcesBuildPhase section */

/* Begin PBXVariantGroup section */
		A9AE4A231D48ACB700A3B17E /* Main.storyboard */ = {
			isa = PBXVariantGroup;
			children = (
				A9AE4A241D48ACB700A3B17E /* Base */,
			);
			name = Main.storyboard;
			sourceTree = "<group>";
		};
		A9AE4A281D48ACB700A3B17E /* LaunchScreen.storyboard */ = {
			isa = PBXVariantGroup;
			children = (
				A9AE4A291D48ACB700A3B17E /* Base */,
			);
			name = LaunchScreen.storyboard;
			sourceTree = "<group>";
		};
/* End PBXVariantGroup section */

/* Begin XCBuildConfiguration section */
		A9AE4A2C1D48ACB700A3B17E /* Debug */ = {
			isa = XCBuildConfiguration;
			buildSettings = {
				ALWAYS_SEARCH_USER_PATHS = NO;
				CLANG_ANALYZER_NONNULL = YES;
				CLANG_CXX_LANGUAGE_STANDARD = "gnu++0x";
				CLANG_CXX_LIBRARY = "libc++";
				CLANG_ENABLE_MODULES = YES;
				CLANG_ENABLE_OBJC_ARC = YES;
				CLANG_WARN_BOOL_CONVERSION = YES;
				CLANG_WARN_CONSTANT_CONVERSION = YES;
				CLANG_WARN_DIRECT_OBJC_ISA_USAGE = YES_ERROR;
				CLANG_WARN_EMPTY_BODY = YES;
				CLANG_WARN_ENUM_CONVERSION = YES;
				CLANG_WARN_INT_CONVERSION = YES;
				CLANG_WARN_OBJC_ROOT_CLASS = YES_ERROR;
				CLANG_WARN_UNREACHABLE_CODE = YES;
				CLANG_WARN__DUPLICATE_METHOD_MATCH = YES;
				"CODE_SIGN_IDENTITY[sdk=iphoneos*]" = "iPhone Developer";
				COPY_PHASE_STRIP = NO;
				DEBUG_INFORMATION_FORMAT = dwarf;
				ENABLE_STRICT_OBJC_MSGSEND = YES;
				ENABLE_TESTABILITY = YES;
				GCC_C_LANGUAGE_STANDARD = gnu99;
				GCC_DYNAMIC_NO_PIC = NO;
				GCC_NO_COMMON_BLOCKS = YES;
				GCC_OPTIMIZATION_LEVEL = 0;
				GCC_PREPROCESSOR_DEFINITIONS = (
					"DEBUG=1",
					"$(inherited)",
				);
				GCC_WARN_64_TO_32_BIT_CONVERSION = YES;
				GCC_WARN_ABOUT_RETURN_TYPE = YES_ERROR;
				GCC_WARN_UNDECLARED_SELECTOR = YES;
				GCC_WARN_UNINITIALIZED_AUTOS = YES_AGGRESSIVE;
				GCC_WARN_UNUSED_FUNCTION = YES;
				GCC_WARN_UNUSED_VARIABLE = YES;
				IPHONEOS_DEPLOYMENT_TARGET = 9.3;
				MTL_ENABLE_DEBUG_INFO = YES;
				ONLY_ACTIVE_ARCH = YES;
				SDKROOT = iphoneos;
			};
			name = Debug;
		};
		A9AE4A2D1D48ACB700A3B17E /* Release */ = {
			isa = XCBuildConfiguration;
			buildSettings = {
				ALWAYS_SEARCH_USER_PATHS = NO;
				CLANG_ANALYZER_NONNULL = YES;
				CLANG_CXX_LANGUAGE_STANDARD = "gnu++0x";
				CLANG_CXX_LIBRARY = "libc++";
				CLANG_ENABLE_MODULES = YES;
				CLANG_ENABLE_OBJC_ARC = YES;
				CLANG_WARN_BOOL_CONVERSION = YES;
				CLANG_WARN_CONSTANT_CONVERSION = YES;
				CLANG_WARN_DIRECT_OBJC_ISA_USAGE = YES_ERROR;
				CLANG_WARN_EMPTY_BODY = YES;
				CLANG_WARN_ENUM_CONVERSION = YES;
				CLANG_WARN_INT_CONVERSION = YES;
				CLANG_WARN_OBJC_ROOT_CLASS = YES_ERROR;
				CLANG_WARN_UNREACHABLE_CODE = YES;
				CLANG_WARN__DUPLICATE_METHOD_MATCH = YES;
				"CODE_SIGN_IDENTITY[sdk=iphoneos*]" = "iPhone Developer";
				COPY_PHASE_STRIP = NO;
				DEBUG_INFORMATION_FORMAT = "dwarf-with-dsym";
				ENABLE_NS_ASSERTIONS = NO;
				ENABLE_STRICT_OBJC_MSGSEND = YES;
				GCC_C_LANGUAGE_STANDARD = gnu99;
				GCC_NO_COMMON_BLOCKS = YES;
				GCC_WARN_64_TO_32_BIT_CONVERSION = YES;
				GCC_WARN_ABOUT_RETURN_TYPE = YES_ERROR;
				GCC_WARN_UNDECLARED_SELECTOR = YES;
				GCC_WARN_UNINITIALIZED_AUTOS = YES_AGGRESSIVE;
				GCC_WARN_UNUSED_FUNCTION = YES;
				GCC_WARN_UNUSED_VARIABLE = YES;
				IPHONEOS_DEPLOYMENT_TARGET = 9.3;
				MTL_ENABLE_DEBUG_INFO = NO;
				SDKROOT = iphoneos;
				VALIDATE_PRODUCT = YES;
			};
			name = Release;
		};
		A9AE4A2F1D48ACB700A3B17E /* Debug */ = {
			isa = XCBuildConfiguration;
			buildSettings = {
				ASSETCATALOG_COMPILER_APPICON_NAME = AppIcon;
				INFOPLIST_FILE = YLKit/Info.plist;
				LD_RUNPATH_SEARCH_PATHS = "$(inherited) @executable_path/Frameworks";
				PRODUCT_BUNDLE_IDENTIFIER = com.ThinkMobile.YLKit;
				PRODUCT_NAME = "$(TARGET_NAME)";
			};
			name = Debug;
		};
		A9AE4A301D48ACB700A3B17E /* Release */ = {
			isa = XCBuildConfiguration;
			buildSettings = {
				ASSETCATALOG_COMPILER_APPICON_NAME = AppIcon;
				INFOPLIST_FILE = YLKit/Info.plist;
				LD_RUNPATH_SEARCH_PATHS = "$(inherited) @executable_path/Frameworks";
				PRODUCT_BUNDLE_IDENTIFIER = com.ThinkMobile.YLKit;
				PRODUCT_NAME = "$(TARGET_NAME)";
			};
			name = Release;
		};
/* End XCBuildConfiguration section */

/* Begin XCConfigurationList section */
		A9AE4A121D48ACB700A3B17E /* Build configuration list for PBXProject "YLKit" */ = {
			isa = XCConfigurationList;
			buildConfigurations = (
				A9AE4A2C1D48ACB700A3B17E /* Debug */,
				A9AE4A2D1D48ACB700A3B17E /* Release */,
			);
			defaultConfigurationIsVisible = 0;
			defaultConfigurationName = Release;
		};
		A9AE4A2E1D48ACB700A3B17E /* Build configuration list for PBXNativeTarget "YLKit" */ = {
			isa = XCConfigurationList;
			buildConfigurations = (
				A9AE4A2F1D48ACB700A3B17E /* Debug */,
				A9AE4A301D48ACB700A3B17E /* Release */,
			);
			defaultConfigurationIsVisible = 0;
			defaultConfigurationName = Release;
		};
/* End XCConfigurationList section */
	};
	rootObject = A9AE4A0F1D48ACB700A3B17E /* Project object */;
}
